
Microsoft Visual Studio Solution File, Format Version 12.00
# Visual Studio Version 16
VisualStudioVersion = 16.0.31729.503
MinimumVisualStudioVersion = 10.0.40219.1
Project("{9A19103F-16F7-4668-BE54-9A1E7A4F7556}") = "SpecflowTask2", "SpecflowTask2.csproj", "{AEC9C5CC-FD41-4335-A7FD-141E1282DD07}"
EndProject
Global
	GlobalSection(SolutionConfigurationPlatforms) = preSolution
		Debug|Any CPU = Debug|Any CPU
		Release|Any CPU = Release|Any CPU
	EndGlobalSection
	GlobalSection(ProjectConfigurationPlatforms) = postSolution
		{AEC9C5CC-FD41-4335-A7FD-141E1282DD07}.Debug|Any CPU.ActiveCfg = Debug|Any CPU
		{AEC9C5CC-FD41-4335-A7FD-141E1282DD07}.Debug|Any CPU.Build.0 = Debug|Any CPU
		{AEC9C5CC-FD41-4335-A7FD-141E1282DD07}.Release|Any CPU.ActiveCfg = Release|Any CPU
		{AEC9C5CC-FD41-4335-A7FD-141E1282DD07}.Release|Any CPU.Build.0 = Release|Any CPU
	EndGlobalSection
	GlobalSection(SolutionProperties) = preSolution
		HideSolutionNode = FALSE
	EndGlobalSection
	GlobalSection(ExtensibilityGlobals) = postSolution
		SolutionGuid = {5E0C70CD-EEEB-4CDC-856A-A2D905E9AD26}
	EndGlobalSection
EndGlobal
